// !$*UTF8*$!
{
	archiveVersion = 1;
	classes = {
	};
	objectVersion = 50;
	objects = {

/* Begin PBXBuildFile section */
		114E327A21195BD30063F919 /* BaseCell.swift in Sources */ = {isa = PBXBuildFile; fileRef = 114E327921195BD30063F919 /* BaseCell.swift */; };
		114E327C21195C5D0063F919 /* Models.swift in Sources */ = {isa = PBXBuildFile; fileRef = 114E327B21195C5D0063F919 /* Models.swift */; };
		11FCF843211449100003247D /* AppDelegate.swift in Sources */ = {isa = PBXBuildFile; fileRef = 11FCF842211449100003247D /* AppDelegate.swift */; };
		11FCF845211449100003247D /* ViewController.swift in Sources */ = {isa = PBXBuildFile; fileRef = 11FCF844211449100003247D /* ViewController.swift */; };
		11FCF848211449100003247D /* Main.storyboard in Resources */ = {isa = PBXBuildFile; fileRef = 11FCF846211449100003247D /* Main.storyboard */; };
		11FCF84A211449120003247D /* Assets.xcassets in Resources */ = {isa = PBXBuildFile; fileRef = 11FCF849211449120003247D /* Assets.xcassets */; };
		11FCF84D211449120003247D /* LaunchScreen.storyboard in Resources */ = {isa = PBXBuildFile; fileRef = 11FCF84B211449120003247D /* LaunchScreen.storyboard */; };
		11FCF85521144BBD0003247D /* BaseTableView.swift in Sources */ = {isa = PBXBuildFile; fileRef = 11FCF85421144BBD0003247D /* BaseTableView.swift */; };
/* End PBXBuildFile section */

/* Begin PBXFileReference section */
		114E327921195BD30063F919 /* BaseCell.swift */ = {isa = PBXFileReference; lastKnownFileType = sourcecode.swift; path = BaseCell.swift; sourceTree = "<group>"; };
		114E327B21195C5D0063F919 /* Models.swift */ = {isa = PBXFileReference; lastKnownFileType = sourcecode.swift; path = Models.swift; sourceTree = "<group>"; };
		11FCF83F211449100003247D /* Generics_TEST.app */ = {isa = PBXFileReference; explicitFileType = wrapper.application; includeInIndex = 0; path = Generics_TEST.app; sourceTree = BUILT_PRODUCTS_DIR; };
		11FCF842211449100003247D /* AppDelegate.swift */ = {isa = PBXFileReference; lastKnownFileType = sourcecode.swift; path = AppDelegate.swift; sourceTree = "<group>"; };
		11FCF844211449100003247D /* ViewController.swift */ = {isa = PBXFileReference; lastKnownFileType = sourcecode.swift; path = ViewController.swift; sourceTree = "<group>"; };
		11FCF847211449100003247D /* Base */ = {isa = PBXFileReference; lastKnownFileType = file.storyboard; name = Base; path = Base.lproj/Main.storyboard; sourceTree = "<group>"; };
		11FCF849211449120003247D /* Assets.xcassets */ = {isa = PBXFileReference; lastKnownFileType = folder.assetcatalog; path = Assets.xcassets; sourceTree = "<group>"; };
		11FCF84C211449120003247D /* Base */ = {isa = PBXFileReference; lastKnownFileType = file.storyboard; name = Base; path = Base.lproj/LaunchScreen.storyboard; sourceTree = "<group>"; };
		11FCF84E211449120003247D /* Info.plist */ = {isa = PBXFileReference; lastKnownFileType = text.plist.xml; path = Info.plist; sourceTree = "<group>"; };
		11FCF85421144BBD0003247D /* BaseTableView.swift */ = {isa = PBXFileReference; lastKnownFileType = sourcecode.swift; path = BaseTableView.swift; sourceTree = "<group>"; };
/* End PBXFileReference section */

/* Begin PBXFrameworksBuildPhase section */
		11FCF83C211449100003247D /* Frameworks */ = {
			isa = PBXFrameworksBuildPhase;
			buildActionMask = 2147483647;
			files = (
			);
			runOnlyForDeploymentPostprocessing = 0;
		};
/* End PBXFrameworksBuildPhase section */

/* Begin PBXGroup section */
		11FCF836211449100003247D = {
			isa = PBXGroup;
			children = (
				11FCF841211449100003247D /* Generics_TEST */,
				11FCF840211449100003247D /* Products */,
			);
			sourceTree = "<group>";
		};
		11FCF840211449100003247D /* Products */ = {
			isa = PBXGroup;
			children = (
				11FCF83F211449100003247D /* Generics_TEST.app */,
			);
			name = Products;
			sourceTree = "<group>";
		};
		11FCF841211449100003247D /* Generics_TEST */ = {
			isa = PBXGroup;
			children = (
				11FCF842211449100003247D /* AppDelegate.swift */,
				11FCF844211449100003247D /* ViewController.swift */,
				11FCF85421144BBD0003247D /* BaseTableView.swift */,
				114E327921195BD30063F919 /* BaseCell.swift */,
				114E327B21195C5D0063F919 /* Models.swift */,
				11FCF846211449100003247D /* Main.storyboard */,
				11FCF849211449120003247D /* Assets.xcassets */,
				11FCF84B211449120003247D /* LaunchScreen.storyboard */,
				11FCF84E211449120003247D /* Info.plist */,
			);
			path = Generics_TEST;
			sourceTree = "<group>";
		};
/* End PBXGroup section */

/* Begin PBXNativeTarget section */
		11FCF83E211449100003247D /* Generics_TEST */ = {
			isa = PBXNativeTarget;
			buildConfigurationList = 11FCF851211449120003247D /* Build configuration list for PBXNativeTarget "Generics_TEST" */;
			buildPhases = (
				11FCF83B211449100003247D /* Sources */,
				11FCF83C211449100003247D /* Frameworks */,
				11FCF83D211449100003247D /* Resources */,
			);
			buildRules = (
			);
			dependencies = (
			);
			name = Generics_TEST;
			productName = Generics_TEST;
			productReference = 11FCF83F211449100003247D /* Generics_TEST.app */;
			productType = "com.apple.product-type.application";
		};
/* End PBXNativeTarget section */

/* Begin PBXProject section */
		11FCF837211449100003247D /* Project object */ = {
			isa = PBXProject;
			attributes = {
				LastSwiftUpdateCheck = 0930;
				LastUpgradeCheck = 0930;
				ORGANIZATIONNAME = "Dhaval Nena";
				TargetAttributes = {
					11FCF83E211449100003247D = {
						CreatedOnToolsVersion = 9.3;
					};
				};
			};
			buildConfigurationList = 11FCF83A211449100003247D /* Build configuration list for PBXProject "Generics_TEST" */;
			compatibilityVersion = "Xcode 9.3";
			developmentRegion = en;
			hasScannedForEncodings = 0;
			knownRegions = (
				en,
				Base,
			);
			mainGroup = 11FCF836211449100003247D;
			productRefGroup = 11FCF840211449100003247D /* Products */;
			projectDirPath = "";
			projectRoot = "";
			targets = (
				11FCF83E211449100003247D /* Generics_TEST */,
			);
		};
/* End PBXProject section */

/* Begin PBXResourcesBuildPhase section */
		11FCF83D211449100003247D /* Resources */ = {
			isa = PBXResourcesBuildPhase;
			buildActionMask = 2147483647;
			files = (
				11FCF84D211449120003247D /* LaunchScreen.storyboard in Resources */,
				11FCF84A211449120003247D /* Assets.xcassets in Resources */,
				11FCF848211449100003247D /* Main.storyboard in Resources */,
			);
			runOnlyForDeploymentPostprocessing = 0;
		};
/* End PBXResourcesBuildPhase section */

/* Begin PBXSourcesBuildPhase section */
		11FCF83B211449100003247D /* Sources */ = {
			isa = PBXSourcesBuildPhase;
			buildActionMask = 2147483647;
			files = (
				114E327A21195BD30063F919 /* BaseCell.swift in Sources */,
				11FCF845211449100003247D /* ViewController.swift in Sources */,
				11FCF85521144BBD0003247D /* BaseTableView.swift in Sources */,
				11FCF843211449100003247D /* AppDelegate.swift in Sources */,
				114E327C21195C5D0063F919 /* Models.swift in Sources */,
			);
			runOnlyForDeploymentPostprocessing = 0;
		};
/* End PBXSourcesBuildPhase section */

/* Begin PBXVariantGroup section */
		11FCF846211449100003247D /* Main.storyboard */ = {
			isa = PBXVariantGroup;
			children = (
				11FCF847211449100003247D /* Base */,
			);
			name = Main.storyboard;
			sourceTree = "<group>";
		};
		11FCF84B211449120003247D /* LaunchScreen.storyboard */ = {
			isa = PBXVariantGroup;
			children = (
				11FCF84C211449120003247D /* Base */,
			);
			name = LaunchScreen.storyboard;
			sourceTree = "<group>";
		};
/* End PBXVariantGroup section */

/* Begin XCBuildConfiguration section */
		11FCF84F211449120003247D /* Debug */ = {
			isa = XCBuildConfiguration;
			buildSettings = {
				ALWAYS_SEARCH_USER_PATHS = NO;
				CLANG_ANALYZER_NONNULL = YES;
				CLANG_ANALYZER_NUMBER_OBJECT_CONVERSION = YES_AGGRESSIVE;
				CLANG_CXX_LANGUAGE_STANDARD = "gnu++14";
				CLANG_CXX_LIBRARY = "libc++";
				CLANG_ENABLE_MODULES = YES;
				CLANG_ENABLE_OBJC_ARC = YES;
				CLANG_ENABLE_OBJC_WEAK = YES;
				CLANG_WARN_BLOCK_CAPTURE_AUTORELEASING = YES;
				CLANG_WARN_BOOL_CONVERSION = YES;
				CLANG_WARN_COMMA = YES;
				CLANG_WARN_CONSTANT_CONVERSION = YES;
				CLANG_WARN_DEPRECATED_OBJC_IMPLEMENTATIONS = YES;
				CLANG_WARN_DIRECT_OBJC_ISA_USAGE = YES_ERROR;
				CLANG_WARN_DOCUMENTATION_COMMENTS = YES;
				CLANG_WARN_EMPTY_BODY = YES;
				CLANG_WARN_ENUM_CONVERSION = YES;
				CLANG_WARN_INFINITE_RECURSION = YES;
				CLANG_WARN_INT_CONVERSION = YES;
				CLANG_WARN_NON_LITERAL_NULL_CONVERSION = YES;
				CLANG_WARN_OBJC_IMPLICIT_RETAIN_SELF = YES;
				CLANG_WARN_OBJC_LITERAL_CONVERSION = YES;
				CLANG_WARN_OBJC_ROOT_CLASS = YES_ERROR;
				CLANG_WARN_RANGE_LOOP_ANALYSIS = YES;
				CLANG_WARN_STRICT_PROTOTYPES = YES;
				CLANG_WARN_SUSPICIOUS_MOVE = YES;
				CLANG_WARN_UNGUARDED_AVAILABILITY = YES_AGGRESSIVE;
				CLANG_WARN_UNREACHABLE_CODE = YES;
				CLANG_WARN__DUPLICATE_METHOD_MATCH = YES;
				CODE_SIGN_IDENTITY = "iPhone Developer";
				COPY_PHASE_STRIP = NO;
				DEBUG_INFORMATION_FORMAT = dwarf;
				ENABLE_STRICT_OBJC_MSGSEND = YES;
				ENABLE_TESTABILITY = YES;
				GCC_C_LANGUAGE_STANDARD = gnu11;
				GCC_DYNAMIC_NO_PIC = NO;
				GCC_NO_COMMON_BLOCKS = YES;
				GCC_OPTIMIZATION_LEVEL = 0;
				GCC_PREPROCESSOR_DEFINITIONS = (
					"DEBUG=1",
					"$(inherited)",
				);
				GCC_WARN_64_TO_32_BIT_CONVERSION = YES;
				GCC_WARN_ABOUT_RETURN_TYPE = YES_ERROR;
				GCC_WARN_UNDECLARED_SELECTOR = YES;
				GCC_WARN_UNINITIALIZED_AUTOS = YES_AGGRESSIVE;
				GCC_WARN_UNUSED_FUNCTION = YES;
				GCC_WARN_UNUSED_VARIABLE = YES;
				IPHONEOS_DEPLOYMENT_TARGET = 11.3;
				MTL_ENABLE_DEBUG_INFO = YES;
				ONLY_ACTIVE_ARCH = YES;
				SDKROOT = iphoneos;
				SWIFT_ACTIVE_COMPILATION_CONDITIONS = DEBUG;
				SWIFT_OPTIMIZATION_LEVEL = "-Onone";
			};
			name = Debug;
		};
		11FCF850211449120003247D /* Release */ = {
			isa = XCBuildConfiguration;
			buildSettings = {
				ALWAYS_SEARCH_USER_PATHS = NO;
				CLANG_ANALYZER_NONNULL = YES;
				CLANG_ANALYZER_NUMBER_OBJECT_CONVERSION = YES_AGGRESSIVE;
				CLANG_CXX_LANGUAGE_STANDARD = "gnu++14";
				CLANG_CXX_LIBRARY = "libc++";
				CLANG_ENABLE_MODULES = YES;
				CLANG_ENABLE_OBJC_ARC = YES;
				CLANG_ENABLE_OBJC_WEAK = YES;
				CLANG_WARN_BLOCK_CAPTURE_AUTORELEASING = YES;
				CLANG_WARN_BOOL_CONVERSION = YES;
				CLANG_WARN_COMMA = YES;
				CLANG_WARN_CONSTANT_CONVERSION = YES;
				CLANG_WARN_DEPRECATED_OBJC_IMPLEMENTATIONS = YES;
				CLANG_WARN_DIRECT_OBJC_ISA_USAGE = YES_ERROR;
				CLANG_WARN_DOCUMENTATION_COMMENTS = YES;
				CLANG_WARN_EMPTY_BODY = YES;
				CLANG_WARN_ENUM_CONVERSION = YES;
				CLANG_WARN_INFINITE_RECURSION = YES;
				CLANG_WARN_INT_CONVERSION = YES;
				CLANG_WARN_NON_LITERAL_NULL_CONVERSION = YES;
				CLANG_WARN_OBJC_IMPLICIT_RETAIN_SELF = YES;
				CLANG_WARN_OBJC_LITERAL_CONVERSION = YES;
				CLANG_WARN_OBJC_ROOT_CLASS = YES_ERROR;
				CLANG_WARN_RANGE_LOOP_ANALYSIS = YES;
				CLANG_WARN_STRICT_PROTOTYPES = YES;
				CLANG_WARN_SUSPICIOUS_MOVE = YES;
				CLANG_WARN_UNGUARDED_AVAILABILITY = YES_AGGRESSIVE;
				CLANG_WARN_UNREACHABLE_CODE = YES;
				CLANG_WARN__DUPLICATE_METHOD_MATCH = YES;
				CODE_SIGN_IDENTITY = "iPhone Developer";
				COPY_PHASE_STRIP = NO;
				DEBUG_INFORMATION_FORMAT = "dwarf-with-dsym";
				ENABLE_NS_ASSERTIONS = NO;
				ENABLE_STRICT_OBJC_MSGSEND = YES;
				GCC_C_LANGUAGE_STANDARD = gnu11;
				GCC_NO_COMMON_BLOCKS = YES;
				GCC_WARN_64_TO_32_BIT_CONVERSION = YES;
				GCC_WARN_ABOUT_RETURN_TYPE = YES_ERROR;
				GCC_WARN_UNDECLARED_SELECTOR = YES;
				GCC_WARN_UNINITIALIZED_AUTOS = YES_AGGRESSIVE;
				GCC_WARN_UNUSED_FUNCTION = YES;
				GCC_WARN_UNUSED_VARIABLE = YES;
				IPHONEOS_DEPLOYMENT_TARGET = 11.3;
				MTL_ENABLE_DEBUG_INFO = NO;
				SDKROOT = iphoneos;
				SWIFT_COMPILATION_MODE = wholemodule;
				SWIFT_OPTIMIZATION_LEVEL = "-O";
				VALIDATE_PRODUCT = YES;
			};
			name = Release;
		};
		11FCF852211449120003247D /* Debug */ = {
			isa = XCBuildConfiguration;
			buildSettings = {
				ASSETCATALOG_COMPILER_APPICON_NAME = AppIcon;
				CODE_SIGN_STYLE = Manual;
				DEVELOPMENT_TEAM = WQ67JUDLHU;
				INFOPLIST_FILE = Generics_TEST/Info.plist;
				LD_RUNPATH_SEARCH_PATHS = (
					"$(inherited)",
					"@executable_path/Frameworks",
				);
				PRODUCT_BUNDLE_IDENTIFIER = "com.agile.Generics-TEST";
				PRODUCT_NAME = "$(TARGET_NAME)";
				PROVISIONING_PROFILE = "e7799320-753a-4ceb-b22a-b96944d9185b";
				PROVISIONING_PROFILE_SPECIFIER = "Agile iOS Team Test Profile";
				SWIFT_VERSION = 4.0;
				TARGETED_DEVICE_FAMILY = "1,2";
			};
			name = Debug;
		};
		11FCF853211449120003247D /* Release */ = {
			isa = XCBuildConfiguration;
			buildSettings = {
				ASSETCATALOG_COMPILER_APPICON_NAME = AppIcon;
				CODE_SIGN_STYLE = Manual;
				DEVELOPMENT_TEAM = WQ67JUDLHU;
				INFOPLIST_FILE = Generics_TEST/Info.plist;
				LD_RUNPATH_SEARCH_PATHS = (
					"$(inherited)",
					"@executable_path/Frameworks",
				);
				PRODUCT_BUNDLE_IDENTIFIER = "com.agile.Generics-TEST";
				PRODUCT_NAME = "$(TARGET_NAME)";
				PROVISIONING_PROFILE = "e7799320-753a-4ceb-b22a-b96944d9185b";
				PROVISIONING_PROFILE_SPECIFIER = "Agile iOS Team Test Profile";
				SWIFT_VERSION = 4.0;
				TARGETED_DEVICE_FAMILY = "1,2";
			};
			name = Release;
		};
/* End XCBuildConfiguration section */

/* Begin XCConfigurationList section */
		11FCF83A211449100003247D /* Build configuration list for PBXProject "Generics_TEST" */ = {
			isa = XCConfigurationList;
			buildConfigurations = (
				11FCF84F211449120003247D /* Debug */,
				11FCF850211449120003247D /* Release */,
			);
			defaultConfigurationIsVisible = 0;
			defaultConfigurationName = Release;
		};
		11FCF851211449120003247D /* Build configuration list for PBXNativeTarget "Generics_TEST" */ = {
			isa = XCConfigurationList;
			buildConfigurations = (
				11FCF852211449120003247D /* Debug */,
				11FCF853211449120003247D /* Release */,
			);
			defaultConfigurationIsVisible = 0;
			defaultConfigurationName = Release;
		};
/* End XCConfigurationList section */
	};
	rootObject = 11FCF837211449100003247D /* Project object */;
}
